{
    "hash": "74abd72a2987d5212452e62b332b4a37",
    "packages": [
        {
            "package": "Aura/Autoload",
            "version": "dev-master",
            "source-reference": "3c91896ddfa63e104c514af57f27a019c48052fe"
        },
        {
            "package": "pda/pheanstalk",
            "version": "dev-master",
            "source-reference": "fa4d210f16efba0d61968875a62243779145beee"
        },
        {
            "package": "rmccue/requests",
            "version": "dev-master",
            "source-reference": "eb5facdaae45449b3c880aec2943193ae4bcb8ac"
        },
        {
            "package": "spyc/spyc",
            "version": "0.5"
        },
        {
            "package": "swiftmailer/swiftmailer",
            "version": "dev-master",
            "source-reference": "d33d54cc8a081b0b85734744936ede1ba230dd64"
        },
        {
            "package": "swiftmailer/swiftmailer",
            "version": "dev-master",
            "alias-pretty-version": "4.1.x-dev",
            "alias-version": "4.1.9999999.9999999-dev"
        }
    ],
    "packages-dev": null,
    "aliases": [

    ],
    "minimum-stability": "dev",
    "stability-flags": {
        "pda/pheanstalk": 20,
        "aura/autoload": 20
    }
}
